
Microsoft Visual Studio Solution File, Format Version 12.00
# Visual Studio Version 17
VisualStudioVersion = 17.5.33516.290
MinimumVisualStudioVersion = 10.0.40219.1
Project("{FAE04EC0-301F-11D3-BF4B-00C04F79EFBC}") = "sms_application", "sms_application\sms_application.csproj", "{B4FEC185-54BC-41A5-AE49-C0A8DDD4D460}"
EndProject
Global
	GlobalSection(SolutionConfigurationPlatforms) = preSolution
		Debug|Any CPU = Debug|Any CPU
		Release|Any CPU = Release|Any CPU
	EndGlobalSection
	GlobalSection(ProjectConfigurationPlatforms) = postSolution
		{B4FEC185-54BC-41A5-AE49-C0A8DDD4D460}.Debug|Any CPU.ActiveCfg = Debug|Any CPU
		{B4FEC185-54BC-41A5-AE49-C0A8DDD4D460}.Debug|Any CPU.Build.0 = Debug|Any CPU
		{B4FEC185-54BC-41A5-AE49-C0A8DDD4D460}.Release|Any CPU.ActiveCfg = Release|Any CPU
		{B4FEC185-54BC-41A5-AE49-C0A8DDD4D460}.Release|Any CPU.Build.0 = Release|Any CPU
	EndGlobalSection
	GlobalSection(SolutionProperties) = preSolution
		HideSolutionNode = FALSE
	EndGlobalSection
	GlobalSection(ExtensibilityGlobals) = postSolution
		SolutionGuid = {BB9E5543-E8FF-4677-BD38-100051099FC7}
	EndGlobalSection
EndGlobal
